// !$*UTF8*$!
{
	archiveVersion = 1;
	classes = {
	};
	objectVersion = 50;
	objects = {

/* Begin PBXBuildFile section */
		04EA6B962086E85F007AB98A /* AppDelegate.m in Sources */ = {isa = PBXBuildFile; fileRef = 04EA6B952086E85F007AB98A /* AppDelegate.m */; };
		04EA6B992086E85F007AB98A /* ViewController.m in Sources */ = {isa = PBXBuildFile; fileRef = 04EA6B982086E85F007AB98A /* ViewController.m */; };
		04EA6B9C2086E860007AB98A /* Main.storyboard in Resources */ = {isa = PBXBuildFile; fileRef = 04EA6B9A2086E860007AB98A /* Main.storyboard */; };
		04EA6B9E2086E874007AB98A /* Assets.xcassets in Resources */ = {isa = PBXBuildFile; fileRef = 04EA6B9D2086E874007AB98A /* Assets.xcassets */; };
		04EA6BA12086E874007AB98A /* LaunchScreen.storyboard in Resources */ = {isa = PBXBuildFile; fileRef = 04EA6B9F2086E874007AB98A /* LaunchScreen.storyboard */; };
		04EA6BA42086E874007AB98A /* main.m in Sources */ = {isa = PBXBuildFile; fileRef = 04EA6BA32086E874007AB98A /* main.m */; };
		04EA6BAE2086E874007AB98A /* EnumTestTests.m in Sources */ = {isa = PBXBuildFile; fileRef = 04EA6BAD2086E874007AB98A /* EnumTestTests.m */; };
		04EA6BB92086E874007AB98A /* EnumTestUITests.m in Sources */ = {isa = PBXBuildFile; fileRef = 04EA6BB82086E874007AB98A /* EnumTestUITests.m */; };
/* End PBXBuildFile section */

/* Begin PBXContainerItemProxy section */
		04EA6BAA2086E874007AB98A /* PBXContainerItemProxy */ = {
			isa = PBXContainerItemProxy;
			containerPortal = 04EA6B892086E85F007AB98A /* Project object */;
			proxyType = 1;
			remoteGlobalIDString = 04EA6B902086E85F007AB98A;
			remoteInfo = EnumTest;
		};
		04EA6BB52086E874007AB98A /* PBXContainerItemProxy */ = {
			isa = PBXContainerItemProxy;
			containerPortal = 04EA6B892086E85F007AB98A /* Project object */;
			proxyType = 1;
			remoteGlobalIDString = 04EA6B902086E85F007AB98A;
			remoteInfo = EnumTest;
		};
/* End PBXContainerItemProxy section */

/* Begin PBXFileReference section */
		04EA6B912086E85F007AB98A /* EnumTest.app */ = {isa = PBXFileReference; explicitFileType = wrapper.application; includeInIndex = 0; path = EnumTest.app; sourceTree = BUILT_PRODUCTS_DIR; };
		04EA6B942086E85F007AB98A /* AppDelegate.h */ = {isa = PBXFileReference; lastKnownFileType = sourcecode.c.h; path = AppDelegate.h; sourceTree = "<group>"; };
		04EA6B952086E85F007AB98A /* AppDelegate.m */ = {isa = PBXFileReference; lastKnownFileType = sourcecode.c.objc; path = AppDelegate.m; sourceTree = "<group>"; };
		04EA6B972086E85F007AB98A /* ViewController.h */ = {isa = PBXFileReference; lastKnownFileType = sourcecode.c.h; path = ViewController.h; sourceTree = "<group>"; };
		04EA6B982086E85F007AB98A /* ViewController.m */ = {isa = PBXFileReference; lastKnownFileType = sourcecode.c.objc; path = ViewController.m; sourceTree = "<group>"; };
		04EA6B9B2086E860007AB98A /* Base */ = {isa = PBXFileReference; lastKnownFileType = file.storyboard; name = Base; path = Base.lproj/Main.storyboard; sourceTree = "<group>"; };
		04EA6B9D2086E874007AB98A /* Assets.xcassets */ = {isa = PBXFileReference; lastKnownFileType = folder.assetcatalog; path = Assets.xcassets; sourceTree = "<group>"; };
		04EA6BA02086E874007AB98A /* Base */ = {isa = PBXFileReference; lastKnownFileType = file.storyboard; name = Base; path = Base.lproj/LaunchScreen.storyboard; sourceTree = "<group>"; };
		04EA6BA22086E874007AB98A /* Info.plist */ = {isa = PBXFileReference; lastKnownFileType = text.plist.xml; path = Info.plist; sourceTree = "<group>"; };
		04EA6BA32086E874007AB98A /* main.m */ = {isa = PBXFileReference; lastKnownFileType = sourcecode.c.objc; path = main.m; sourceTree = "<group>"; };
		04EA6BA92086E874007AB98A /* EnumTestTests.xctest */ = {isa = PBXFileReference; explicitFileType = wrapper.cfbundle; includeInIndex = 0; path = EnumTestTests.xctest; sourceTree = BUILT_PRODUCTS_DIR; };
		04EA6BAD2086E874007AB98A /* EnumTestTests.m */ = {isa = PBXFileReference; lastKnownFileType = sourcecode.c.objc; path = EnumTestTests.m; sourceTree = "<group>"; };
		04EA6BAF2086E874007AB98A /* Info.plist */ = {isa = PBXFileReference; lastKnownFileType = text.plist.xml; path = Info.plist; sourceTree = "<group>"; };
		04EA6BB42086E874007AB98A /* EnumTestUITests.xctest */ = {isa = PBXFileReference; explicitFileType = wrapper.cfbundle; includeInIndex = 0; path = EnumTestUITests.xctest; sourceTree = BUILT_PRODUCTS_DIR; };
		04EA6BB82086E874007AB98A /* EnumTestUITests.m */ = {isa = PBXFileReference; lastKnownFileType = sourcecode.c.objc; path = EnumTestUITests.m; sourceTree = "<group>"; };
		04EA6BBA2086E874007AB98A /* Info.plist */ = {isa = PBXFileReference; lastKnownFileType = text.plist.xml; path = Info.plist; sourceTree = "<group>"; };
/* End PBXFileReference section */

/* Begin PBXFrameworksBuildPhase section */
		04EA6B8E2086E85F007AB98A /* Frameworks */ = {
			isa = PBXFrameworksBuildPhase;
			buildActionMask = 2147483647;
			files = (
			);
			runOnlyForDeploymentPostprocessing = 0;
		};
		04EA6BA62086E874007AB98A /* Frameworks */ = {
			isa = PBXFrameworksBuildPhase;
			buildActionMask = 2147483647;
			files = (
			);
			runOnlyForDeploymentPostprocessing = 0;
		};
		04EA6BB12086E874007AB98A /* Frameworks */ = {
			isa = PBXFrameworksBuildPhase;
			buildActionMask = 2147483647;
			files = (
			);
			runOnlyForDeploymentPostprocessing = 0;
		};
/* End PBXFrameworksBuildPhase section */

/* Begin PBXGroup section */
		04EA6B882086E85F007AB98A = {
			isa = PBXGroup;
			children = (
				04EA6B932086E85F007AB98A /* EnumTest */,
				04EA6BAC2086E874007AB98A /* EnumTestTests */,
				04EA6BB72086E874007AB98A /* EnumTestUITests */,
				04EA6B922086E85F007AB98A /* Products */,
			);
			sourceTree = "<group>";
		};
		04EA6B922086E85F007AB98A /* Products */ = {
			isa = PBXGroup;
			children = (
				04EA6B912086E85F007AB98A /* EnumTest.app */,
				04EA6BA92086E874007AB98A /* EnumTestTests.xctest */,
				04EA6BB42086E874007AB98A /* EnumTestUITests.xctest */,
			);
			name = Products;
			sourceTree = "<group>";
		};
		04EA6B932086E85F007AB98A /* EnumTest */ = {
			isa = PBXGroup;
			children = (
				04EA6B942086E85F007AB98A /* AppDelegate.h */,
				04EA6B952086E85F007AB98A /* AppDelegate.m */,
				04EA6B972086E85F007AB98A /* ViewController.h */,
				04EA6B982086E85F007AB98A /* ViewController.m */,
				04EA6B9A2086E860007AB98A /* Main.storyboard */,
				04EA6B9D2086E874007AB98A /* Assets.xcassets */,
				04EA6B9F2086E874007AB98A /* LaunchScreen.storyboard */,
				04EA6BA22086E874007AB98A /* Info.plist */,
				04EA6BA32086E874007AB98A /* main.m */,
			);
			path = EnumTest;
			sourceTree = "<group>";
		};
		04EA6BAC2086E874007AB98A /* EnumTestTests */ = {
			isa = PBXGroup;
			children = (
				04EA6BAD2086E874007AB98A /* EnumTestTests.m */,
				04EA6BAF2086E874007AB98A /* Info.plist */,
			);
			path = EnumTestTests;
			sourceTree = "<group>";
		};
		04EA6BB72086E874007AB98A /* EnumTestUITests */ = {
			isa = PBXGroup;
			children = (
				04EA6BB82086E874007AB98A /* EnumTestUITests.m */,
				04EA6BBA2086E874007AB98A /* Info.plist */,
			);
			path = EnumTestUITests;
			sourceTree = "<group>";
		};
/* End PBXGroup section */

/* Begin PBXNativeTarget section */
		04EA6B902086E85F007AB98A /* EnumTest */ = {
			isa = PBXNativeTarget;
			buildConfigurationList = 04EA6BBD2086E874007AB98A /* Build configuration list for PBXNativeTarget "EnumTest" */;
			buildPhases = (
				04EA6B8D2086E85F007AB98A /* Sources */,
				04EA6B8E2086E85F007AB98A /* Frameworks */,
				04EA6B8F2086E85F007AB98A /* Resources */,
			);
			buildRules = (
			);
			dependencies = (
			);
			name = EnumTest;
			productName = EnumTest;
			productReference = 04EA6B912086E85F007AB98A /* EnumTest.app */;
			productType = "com.apple.product-type.application";
		};
		04EA6BA82086E874007AB98A /* EnumTestTests */ = {
			isa = PBXNativeTarget;
			buildConfigurationList = 04EA6BC02086E874007AB98A /* Build configuration list for PBXNativeTarget "EnumTestTests" */;
			buildPhases = (
				04EA6BA52086E874007AB98A /* Sources */,
				04EA6BA62086E874007AB98A /* Frameworks */,
				04EA6BA72086E874007AB98A /* Resources */,
			);
			buildRules = (
			);
			dependencies = (
				04EA6BAB2086E874007AB98A /* PBXTargetDependency */,
			);
			name = EnumTestTests;
			productName = EnumTestTests;
			productReference = 04EA6BA92086E874007AB98A /* EnumTestTests.xctest */;
			productType = "com.apple.product-type.bundle.unit-test";
		};
		04EA6BB32086E874007AB98A /* EnumTestUITests */ = {
			isa = PBXNativeTarget;
			buildConfigurationList = 04EA6BC32086E874007AB98A /* Build configuration list for PBXNativeTarget "EnumTestUITests" */;
			buildPhases = (
				04EA6BB02086E874007AB98A /* Sources */,
				04EA6BB12086E874007AB98A /* Frameworks */,
				04EA6BB22086E874007AB98A /* Resources */,
			);
			buildRules = (
			);
			dependencies = (
				04EA6BB62086E874007AB98A /* PBXTargetDependency */,
			);
			name = EnumTestUITests;
			productName = EnumTestUITests;
			productReference = 04EA6BB42086E874007AB98A /* EnumTestUITests.xctest */;
			productType = "com.apple.product-type.bundle.ui-testing";
		};
/* End PBXNativeTarget section */

/* Begin PBXProject section */
		04EA6B892086E85F007AB98A /* Project object */ = {
			isa = PBXProject;
			attributes = {
				LastUpgradeCheck = 0930;
				ORGANIZATIONNAME = "Sion Information Technology Co., Ltd.";
				TargetAttributes = {
					04EA6B902086E85F007AB98A = {
						CreatedOnToolsVersion = 9.3;
					};
					04EA6BA82086E874007AB98A = {
						CreatedOnToolsVersion = 9.3;
						TestTargetID = 04EA6B902086E85F007AB98A;
					};
					04EA6BB32086E874007AB98A = {
						CreatedOnToolsVersion = 9.3;
						TestTargetID = 04EA6B902086E85F007AB98A;
					};
				};
			};
			buildConfigurationList = 04EA6B8C2086E85F007AB98A /* Build configuration list for PBXProject "EnumTest" */;
			compatibilityVersion = "Xcode 9.3";
			developmentRegion = en;
			hasScannedForEncodings = 0;
			knownRegions = (
				en,
				Base,
			);
			mainGroup = 04EA6B882086E85F007AB98A;
			productRefGroup = 04EA6B922086E85F007AB98A /* Products */;
			projectDirPath = "";
			projectRoot = "";
			targets = (
				04EA6B902086E85F007AB98A /* EnumTest */,
				04EA6BA82086E874007AB98A /* EnumTestTests */,
				04EA6BB32086E874007AB98A /* EnumTestUITests */,
			);
		};
/* End PBXProject section */

/* Begin PBXResourcesBuildPhase section */
		04EA6B8F2086E85F007AB98A /* Resources */ = {
			isa = PBXResourcesBuildPhase;
			buildActionMask = 2147483647;
			files = (
				04EA6BA12086E874007AB98A /* LaunchScreen.storyboard in Resources */,
				04EA6B9E2086E874007AB98A /* Assets.xcassets in Resources */,
				04EA6B9C2086E860007AB98A /* Main.storyboard in Resources */,
			);
			runOnlyForDeploymentPostprocessing = 0;
		};
		04EA6BA72086E874007AB98A /* Resources */ = {
			isa = PBXResourcesBuildPhase;
			buildActionMask = 2147483647;
			files = (
			);
			runOnlyForDeploymentPostprocessing = 0;
		};
		04EA6BB22086E874007AB98A /* Resources */ = {
			isa = PBXResourcesBuildPhase;
			buildActionMask = 2147483647;
			files = (
			);
			runOnlyForDeploymentPostprocessing = 0;
		};
/* End PBXResourcesBuildPhase section */

/* Begin PBXSourcesBuildPhase section */
		04EA6B8D2086E85F007AB98A /* Sources */ = {
			isa = PBXSourcesBuildPhase;
			buildActionMask = 2147483647;
			files = (
				04EA6B992086E85F007AB98A /* ViewController.m in Sources */,
				04EA6BA42086E874007AB98A /* main.m in Sources */,
				04EA6B962086E85F007AB98A /* AppDelegate.m in Sources */,
			);
			runOnlyForDeploymentPostprocessing = 0;
		};
		04EA6BA52086E874007AB98A /* Sources */ = {
			isa = PBXSourcesBuildPhase;
			buildActionMask = 2147483647;
			files = (
				04EA6BAE2086E874007AB98A /* EnumTestTests.m in Sources */,
			);
			runOnlyForDeploymentPostprocessing = 0;
		};
		04EA6BB02086E874007AB98A /* Sources */ = {
			isa = PBXSourcesBuildPhase;
			buildActionMask = 2147483647;
			files = (
				04EA6BB92086E874007AB98A /* EnumTestUITests.m in Sources */,
			);
			runOnlyForDeploymentPostprocessing = 0;
		};
/* End PBXSourcesBuildPhase section */

/* Begin PBXTargetDependency section */
		04EA6BAB2086E874007AB98A /* PBXTargetDependency */ = {
			isa = PBXTargetDependency;
			target = 04EA6B902086E85F007AB98A /* EnumTest */;
			targetProxy = 04EA6BAA2086E874007AB98A /* PBXContainerItemProxy */;
		};
		04EA6BB62086E874007AB98A /* PBXTargetDependency */ = {
			isa = PBXTargetDependency;
			target = 04EA6B902086E85F007AB98A /* EnumTest */;
			targetProxy = 04EA6BB52086E874007AB98A /* PBXContainerItemProxy */;
		};
/* End PBXTargetDependency section */

/* Begin PBXVariantGroup section */
		04EA6B9A2086E860007AB98A /* Main.storyboard */ = {
			isa = PBXVariantGroup;
			children = (
				04EA6B9B2086E860007AB98A /* Base */,
			);
			name = Main.storyboard;
			sourceTree = "<group>";
		};
		04EA6B9F2086E874007AB98A /* LaunchScreen.storyboard */ = {
			isa = PBXVariantGroup;
			children = (
				04EA6BA02086E874007AB98A /* Base */,
			);
			name = LaunchScreen.storyboard;
			sourceTree = "<group>";
		};
/* End PBXVariantGroup section */

/* Begin XCBuildConfiguration section */
		04EA6BBB2086E874007AB98A /* Debug */ = {
			isa = XCBuildConfiguration;
			buildSettings = {
				ALWAYS_SEARCH_USER_PATHS = NO;
				CLANG_ANALYZER_NONNULL = YES;
				CLANG_ANALYZER_NUMBER_OBJECT_CONVERSION = YES_AGGRESSIVE;
				CLANG_CXX_LANGUAGE_STANDARD = "gnu++14";
				CLANG_CXX_LIBRARY = "libc++";
				CLANG_ENABLE_MODULES = YES;
				CLANG_ENABLE_OBJC_ARC = YES;
				CLANG_ENABLE_OBJC_WEAK = YES;
				CLANG_WARN_BLOCK_CAPTURE_AUTORELEASING = YES;
				CLANG_WARN_BOOL_CONVERSION = YES;
				CLANG_WARN_COMMA = YES;
				CLANG_WARN_CONSTANT_CONVERSION = YES;
				CLANG_WARN_DEPRECATED_OBJC_IMPLEMENTATIONS = YES;
				CLANG_WARN_DIRECT_OBJC_ISA_USAGE = YES_ERROR;
				CLANG_WARN_DOCUMENTATION_COMMENTS = YES;
				CLANG_WARN_EMPTY_BODY = YES;
				CLANG_WARN_ENUM_CONVERSION = YES;
				CLANG_WARN_INFINITE_RECURSION = YES;
				CLANG_WARN_INT_CONVERSION = YES;
				CLANG_WARN_NON_LITERAL_NULL_CONVERSION = YES;
				CLANG_WARN_OBJC_IMPLICIT_RETAIN_SELF = YES;
				CLANG_WARN_OBJC_LITERAL_CONVERSION = YES;
				CLANG_WARN_OBJC_ROOT_CLASS = YES_ERROR;
				CLANG_WARN_RANGE_LOOP_ANALYSIS = YES;
				CLANG_WARN_STRICT_PROTOTYPES = YES;
				CLANG_WARN_SUSPICIOUS_MOVE = YES;
				CLANG_WARN_UNGUARDED_AVAILABILITY = YES_AGGRESSIVE;
				CLANG_WARN_UNREACHABLE_CODE = YES;
				CLANG_WARN__DUPLICATE_METHOD_MATCH = YES;
				CODE_SIGN_IDENTITY = "iPhone Developer";
				COPY_PHASE_STRIP = NO;
				DEBUG_INFORMATION_FORMAT = dwarf;
				ENABLE_STRICT_OBJC_MSGSEND = YES;
				ENABLE_TESTABILITY = YES;
				GCC_C_LANGUAGE_STANDARD = gnu11;
				GCC_DYNAMIC_NO_PIC = NO;
				GCC_NO_COMMON_BLOCKS = YES;
				GCC_OPTIMIZATION_LEVEL = 0;
				GCC_PREPROCESSOR_DEFINITIONS = (
					"DEBUG=1",
					"$(inherited)",
				);
				GCC_WARN_64_TO_32_BIT_CONVERSION = YES;
				GCC_WARN_ABOUT_RETURN_TYPE = YES_ERROR;
				GCC_WARN_UNDECLARED_SELECTOR = YES;
				GCC_WARN_UNINITIALIZED_AUTOS = YES_AGGRESSIVE;
				GCC_WARN_UNUSED_FUNCTION = YES;
				GCC_WARN_UNUSED_VARIABLE = YES;
				IPHONEOS_DEPLOYMENT_TARGET = 11.3;
				MTL_ENABLE_DEBUG_INFO = YES;
				ONLY_ACTIVE_ARCH = YES;
				SDKROOT = iphoneos;
			};
			name = Debug;
		};
		04EA6BBC2086E874007AB98A /* Release */ = {
			isa = XCBuildConfiguration;
			buildSettings = {
				ALWAYS_SEARCH_USER_PATHS = NO;
				CLANG_ANALYZER_NONNULL = YES;
				CLANG_ANALYZER_NUMBER_OBJECT_CONVERSION = YES_AGGRESSIVE;
				CLANG_CXX_LANGUAGE_STANDARD = "gnu++14";
				CLANG_CXX_LIBRARY = "libc++";
				CLANG_ENABLE_MODULES = YES;
				CLANG_ENABLE_OBJC_ARC = YES;
				CLANG_ENABLE_OBJC_WEAK = YES;
				CLANG_WARN_BLOCK_CAPTURE_AUTORELEASING = YES;
				CLANG_WARN_BOOL_CONVERSION = YES;
				CLANG_WARN_COMMA = YES;
				CLANG_WARN_CONSTANT_CONVERSION = YES;
				CLANG_WARN_DEPRECATED_OBJC_IMPLEMENTATIONS = YES;
				CLANG_WARN_DIRECT_OBJC_ISA_USAGE = YES_ERROR;
				CLANG_WARN_DOCUMENTATION_COMMENTS = YES;
				CLANG_WARN_EMPTY_BODY = YES;
				CLANG_WARN_ENUM_CONVERSION = YES;
				CLANG_WARN_INFINITE_RECURSION = YES;
				CLANG_WARN_INT_CONVERSION = YES;
				CLANG_WARN_NON_LITERAL_NULL_CONVERSION = YES;
				CLANG_WARN_OBJC_IMPLICIT_RETAIN_SELF = YES;
				CLANG_WARN_OBJC_LITERAL_CONVERSION = YES;
				CLANG_WARN_OBJC_ROOT_CLASS = YES_ERROR;
				CLANG_WARN_RANGE_LOOP_ANALYSIS = YES;
				CLANG_WARN_STRICT_PROTOTYPES = YES;
				CLANG_WARN_SUSPICIOUS_MOVE = YES;
				CLANG_WARN_UNGUARDED_AVAILABILITY = YES_AGGRESSIVE;
				CLANG_WARN_UNREACHABLE_CODE = YES;
				CLANG_WARN__DUPLICATE_METHOD_MATCH = YES;
				CODE_SIGN_IDENTITY = "iPhone Developer";
				COPY_PHASE_STRIP = NO;
				DEBUG_INFORMATION_FORMAT = "dwarf-with-dsym";
				ENABLE_NS_ASSERTIONS = NO;
				ENABLE_STRICT_OBJC_MSGSEND = YES;
				GCC_C_LANGUAGE_STANDARD = gnu11;
				GCC_NO_COMMON_BLOCKS = YES;
				GCC_WARN_64_TO_32_BIT_CONVERSION = YES;
				GCC_WARN_ABOUT_RETURN_TYPE = YES_ERROR;
				GCC_WARN_UNDECLARED_SELECTOR = YES;
				GCC_WARN_UNINITIALIZED_AUTOS = YES_AGGRESSIVE;
				GCC_WARN_UNUSED_FUNCTION = YES;
				GCC_WARN_UNUSED_VARIABLE = YES;
				IPHONEOS_DEPLOYMENT_TARGET = 11.3;
				MTL_ENABLE_DEBUG_INFO = NO;
				SDKROOT = iphoneos;
				VALIDATE_PRODUCT = YES;
			};
			name = Release;
		};
		04EA6BBE2086E874007AB98A /* Debug */ = {
			isa = XCBuildConfiguration;
			buildSettings = {
				ASSETCATALOG_COMPILER_APPICON_NAME = AppIcon;
				CODE_SIGN_STYLE = Automatic;
				DEVELOPMENT_TEAM = Q9BQDD355D;
				INFOPLIST_FILE = EnumTest/Info.plist;
				LD_RUNPATH_SEARCH_PATHS = (
					"$(inherited)",
					"@executable_path/Frameworks",
				);
				PRODUCT_BUNDLE_IDENTIFIER = net.sion.EnumTest;
				PRODUCT_NAME = "$(TARGET_NAME)";
				TARGETED_DEVICE_FAMILY = "1,2";
			};
			name = Debug;
		};
		04EA6BBF2086E874007AB98A /* Release */ = {
			isa = XCBuildConfiguration;
			buildSettings = {
				ASSETCATALOG_COMPILER_APPICON_NAME = AppIcon;
				CODE_SIGN_STYLE = Automatic;
				DEVELOPMENT_TEAM = Q9BQDD355D;
				INFOPLIST_FILE = EnumTest/Info.plist;
				LD_RUNPATH_SEARCH_PATHS = (
					"$(inherited)",
					"@executable_path/Frameworks",
				);
				PRODUCT_BUNDLE_IDENTIFIER = net.sion.EnumTest;
				PRODUCT_NAME = "$(TARGET_NAME)";
				TARGETED_DEVICE_FAMILY = "1,2";
			};
			name = Release;
		};
		04EA6BC12086E874007AB98A /* Debug */ = {
			isa = XCBuildConfiguration;
			buildSettings = {
				BUNDLE_LOADER = "$(TEST_HOST)";
				CODE_SIGN_STYLE = Automatic;
				DEVELOPMENT_TEAM = Q9BQDD355D;
				INFOPLIST_FILE = EnumTestTests/Info.plist;
				LD_RUNPATH_SEARCH_PATHS = (
					"$(inherited)",
					"@executable_path/Frameworks",
					"@loader_path/Frameworks",
				);
				PRODUCT_BUNDLE_IDENTIFIER = net.sion.EnumTestTests;
				PRODUCT_NAME = "$(TARGET_NAME)";
				TARGETED_DEVICE_FAMILY = "1,2";
				TEST_HOST = "$(BUILT_PRODUCTS_DIR)/EnumTest.app/EnumTest";
			};
			name = Debug;
		};
		04EA6BC22086E874007AB98A /* Release */ = {
			isa = XCBuildConfiguration;
			buildSettings = {
				BUNDLE_LOADER = "$(TEST_HOST)";
				CODE_SIGN_STYLE = Automatic;
				DEVELOPMENT_TEAM = Q9BQDD355D;
				INFOPLIST_FILE = EnumTestTests/Info.plist;
				LD_RUNPATH_SEARCH_PATHS = (
					"$(inherited)",
					"@executable_path/Frameworks",
					"@loader_path/Frameworks",
				);
				PRODUCT_BUNDLE_IDENTIFIER = net.sion.EnumTestTests;
				PRODUCT_NAME = "$(TARGET_NAME)";
				TARGETED_DEVICE_FAMILY = "1,2";
				TEST_HOST = "$(BUILT_PRODUCTS_DIR)/EnumTest.app/EnumTest";
			};
			name = Release;
		};
		04EA6BC42086E874007AB98A /* Debug */ = {
			isa = XCBuildConfiguration;
			buildSettings = {
				CODE_SIGN_STYLE = Automatic;
				DEVELOPMENT_TEAM = Q9BQDD355D;
				INFOPLIST_FILE = EnumTestUITests/Info.plist;
				LD_RUNPATH_SEARCH_PATHS = (
					"$(inherited)",
					"@executable_path/Frameworks",
					"@loader_path/Frameworks",
				);
				PRODUCT_BUNDLE_IDENTIFIER = net.sion.EnumTestUITests;
				PRODUCT_NAME = "$(TARGET_NAME)";
				TARGETED_DEVICE_FAMILY = "1,2";
				TEST_TARGET_NAME = EnumTest;
			};
			name = Debug;
		};
		04EA6BC52086E874007AB98A /* Release */ = {
			isa = XCBuildConfiguration;
			buildSettings = {
				CODE_SIGN_STYLE = Automatic;
				DEVELOPMENT_TEAM = Q9BQDD355D;
				INFOPLIST_FILE = EnumTestUITests/Info.plist;
				LD_RUNPATH_SEARCH_PATHS = (
					"$(inherited)",
					"@executable_path/Frameworks",
					"@loader_path/Frameworks",
				);
				PRODUCT_BUNDLE_IDENTIFIER = net.sion.EnumTestUITests;
				PRODUCT_NAME = "$(TARGET_NAME)";
				TARGETED_DEVICE_FAMILY = "1,2";
				TEST_TARGET_NAME = EnumTest;
			};
			name = Release;
		};
/* End XCBuildConfiguration section */

/* Begin XCConfigurationList section */
		04EA6B8C2086E85F007AB98A /* Build configuration list for PBXProject "EnumTest" */ = {
			isa = XCConfigurationList;
			buildConfigurations = (
				04EA6BBB2086E874007AB98A /* Debug */,
				04EA6BBC2086E874007AB98A /* Release */,
			);
			defaultConfigurationIsVisible = 0;
			defaultConfigurationName = Release;
		};
		04EA6BBD2086E874007AB98A /* Build configuration list for PBXNativeTarget "EnumTest" */ = {
			isa = XCConfigurationList;
			buildConfigurations = (
				04EA6BBE2086E874007AB98A /* Debug */,
				04EA6BBF2086E874007AB98A /* Release */,
			);
			defaultConfigurationIsVisible = 0;
			defaultConfigurationName = Release;
		};
		04EA6BC02086E874007AB98A /* Build configuration list for PBXNativeTarget "EnumTestTests" */ = {
			isa = XCConfigurationList;
			buildConfigurations = (
				04EA6BC12086E874007AB98A /* Debug */,
				04EA6BC22086E874007AB98A /* Release */,
			);
			defaultConfigurationIsVisible = 0;
			defaultConfigurationName = Release;
		};
		04EA6BC32086E874007AB98A /* Build configuration list for PBXNativeTarget "EnumTestUITests" */ = {
			isa = XCConfigurationList;
			buildConfigurations = (
				04EA6BC42086E874007AB98A /* Debug */,
				04EA6BC52086E874007AB98A /* Release */,
			);
			defaultConfigurationIsVisible = 0;
			defaultConfigurationName = Release;
		};
/* End XCConfigurationList section */
	};
	rootObject = 04EA6B892086E85F007AB98A /* Project object */;
}
